// !$*UTF8*$!
{
	archiveVersion = 1;
	classes = {
	};
	objectVersion = 56;
	objects = {

/* Begin PBXBuildFile section */
		E62EF9FE2C02632200BFDD23 /* dockerfile in Resources */ = {isa = PBXBuildFile; fileRef = E62EF9FD2C02632200BFDD23 /* dockerfile */; };
		E62EFA002C02635100BFDD23 /* server.js in Resources */ = {isa = PBXBuildFile; fileRef = E62EF9FF2C02635100BFDD23 /* server.js */; };
		E64BEA352C0100E000A4B5C8 /* Resume_GenieApp.swift in Sources */ = {isa = PBXBuildFile; fileRef = E64BEA342C0100E000A4B5C8 /* Resume_GenieApp.swift */; };
		E64BEA372C0100E000A4B5C8 /* ContentView.swift in Sources */ = {isa = PBXBuildFile; fileRef = E64BEA362C0100E000A4B5C8 /* ContentView.swift */; };
		E64BEA392C0100E200A4B5C8 /* Assets.xcassets in Resources */ = {isa = PBXBuildFile; fileRef = E64BEA382C0100E200A4B5C8 /* Assets.xcassets */; };
		E64BEA3C2C0100E200A4B5C8 /* Preview Assets.xcassets in Resources */ = {isa = PBXBuildFile; fileRef = E64BEA3B2C0100E200A4B5C8 /* Preview Assets.xcassets */; };
		E64BEA432C01093C00A4B5C8 /* LoginPage.swift in Sources */ = {isa = PBXBuildFile; fileRef = E64BEA422C01093C00A4B5C8 /* LoginPage.swift */; };
		E64BEA462C01124D00A4B5C8 /* GoogleSignIn in Frameworks */ = {isa = PBXBuildFile; productRef = E64BEA452C01124D00A4B5C8 /* GoogleSignIn */; };
		E64BEA482C01124D00A4B5C8 /* GoogleSignInSwift in Frameworks */ = {isa = PBXBuildFile; productRef = E64BEA472C01124D00A4B5C8 /* GoogleSignInSwift */; };
		E64BEA4B2C015B5700A4B5C8 /* LatexToPDF.swift in Sources */ = {isa = PBXBuildFile; fileRef = E64BEA4A2C015B5700A4B5C8 /* LatexToPDF.swift */; };
		E64BEA512C018BC600A4B5C8 /* cv.tex in Resources */ = {isa = PBXBuildFile; fileRef = E64BEA502C018BC600A4B5C8 /* cv.tex */; };
/* End PBXBuildFile section */

/* Begin PBXFileReference section */
		E62EF9FD2C02632200BFDD23 /* dockerfile */ = {isa = PBXFileReference; fileEncoding = 4; lastKnownFileType = text; name = dockerfile; path = ../../../dockerfile; sourceTree = "<group>"; };
		E62EF9FF2C02635100BFDD23 /* server.js */ = {isa = PBXFileReference; fileEncoding = 4; lastKnownFileType = sourcecode.javascript; name = server.js; path = ../../../server.js; sourceTree = "<group>"; };
		E64BEA312C0100E000A4B5C8 /* Resume Genie.app */ = {isa = PBXFileReference; explicitFileType = wrapper.application; includeInIndex = 0; path = "Resume Genie.app"; sourceTree = BUILT_PRODUCTS_DIR; };
		E64BEA342C0100E000A4B5C8 /* Resume_GenieApp.swift */ = {isa = PBXFileReference; lastKnownFileType = sourcecode.swift; path = Resume_GenieApp.swift; sourceTree = "<group>"; };
		E64BEA362C0100E000A4B5C8 /* ContentView.swift */ = {isa = PBXFileReference; lastKnownFileType = sourcecode.swift; path = ContentView.swift; sourceTree = "<group>"; };
		E64BEA382C0100E200A4B5C8 /* Assets.xcassets */ = {isa = PBXFileReference; lastKnownFileType = folder.assetcatalog; path = Assets.xcassets; sourceTree = "<group>"; };
		E64BEA3B2C0100E200A4B5C8 /* Preview Assets.xcassets */ = {isa = PBXFileReference; lastKnownFileType = folder.assetcatalog; path = "Preview Assets.xcassets"; sourceTree = "<group>"; };
		E64BEA422C01093C00A4B5C8 /* LoginPage.swift */ = {isa = PBXFileReference; lastKnownFileType = sourcecode.swift; path = LoginPage.swift; sourceTree = "<group>"; };
		E64BEA492C01253100A4B5C8 /* Resume Genie.entitlements */ = {isa = PBXFileReference; lastKnownFileType = text.plist.entitlements; path = "Resume Genie.entitlements"; sourceTree = "<group>"; };
		E64BEA4A2C015B5700A4B5C8 /* LatexToPDF.swift */ = {isa = PBXFileReference; lastKnownFileType = sourcecode.swift; path = LatexToPDF.swift; sourceTree = "<group>"; };
		E64BEA502C018BC600A4B5C8 /* cv.tex */ = {isa = PBXFileReference; fileEncoding = 4; lastKnownFileType = text; name = cv.tex; path = ../../../Downloads/cv.tex; sourceTree = "<group>"; };
/* End PBXFileReference section */

/* Begin PBXFrameworksBuildPhase section */
		E64BEA2E2C0100E000A4B5C8 /* Frameworks */ = {
			isa = PBXFrameworksBuildPhase;
			buildActionMask = 2147483647;
			files = (
				E64BEA462C01124D00A4B5C8 /* GoogleSignIn in Frameworks */,
				E64BEA482C01124D00A4B5C8 /* GoogleSignInSwift in Frameworks */,
			);
			runOnlyForDeploymentPostprocessing = 0;
		};
/* End PBXFrameworksBuildPhase section */

/* Begin PBXGroup section */
		E64BEA282C0100E000A4B5C8 = {
			isa = PBXGroup;
			children = (
				E64BEA332C0100E000A4B5C8 /* Resume Genie */,
				E64BEA322C0100E000A4B5C8 /* Products */,
			);
			sourceTree = "<group>";
		};
		E64BEA322C0100E000A4B5C8 /* Products */ = {
			isa = PBXGroup;
			children = (
				E64BEA312C0100E000A4B5C8 /* Resume Genie.app */,
			);
			name = Products;
			sourceTree = "<group>";
		};
		E64BEA332C0100E000A4B5C8 /* Resume Genie */ = {
			isa = PBXGroup;
			children = (
				E62EF9FF2C02635100BFDD23 /* server.js */,
				E62EF9FD2C02632200BFDD23 /* dockerfile */,
				E64BEA502C018BC600A4B5C8 /* cv.tex */,
				E64BEA492C01253100A4B5C8 /* Resume Genie.entitlements */,
				E64BEA342C0100E000A4B5C8 /* Resume_GenieApp.swift */,
				E64BEA362C0100E000A4B5C8 /* ContentView.swift */,
				E64BEA422C01093C00A4B5C8 /* LoginPage.swift */,
				E64BEA4A2C015B5700A4B5C8 /* LatexToPDF.swift */,
				E64BEA382C0100E200A4B5C8 /* Assets.xcassets */,
				E64BEA3A2C0100E200A4B5C8 /* Preview Content */,
			);
			path = "Resume Genie";
			sourceTree = "<group>";
		};
		E64BEA3A2C0100E200A4B5C8 /* Preview Content */ = {
			isa = PBXGroup;
			children = (
				E64BEA3B2C0100E200A4B5C8 /* Preview Assets.xcassets */,
			);
			path = "Preview Content";
			sourceTree = "<group>";
		};
/* End PBXGroup section */

/* Begin PBXNativeTarget section */
		E64BEA302C0100E000A4B5C8 /* Resume Genie */ = {
			isa = PBXNativeTarget;
			buildConfigurationList = E64BEA3F2C0100E200A4B5C8 /* Build configuration list for PBXNativeTarget "Resume Genie" */;
			buildPhases = (
				E64BEA2D2C0100E000A4B5C8 /* Sources */,
				E64BEA2E2C0100E000A4B5C8 /* Frameworks */,
				E64BEA2F2C0100E000A4B5C8 /* Resources */,
			);
			buildRules = (
			);
			dependencies = (
			);
			name = "Resume Genie";
			packageProductDependencies = (
				E64BEA452C01124D00A4B5C8 /* GoogleSignIn */,
				E64BEA472C01124D00A4B5C8 /* GoogleSignInSwift */,
			);
			productName = "Resume Genie";
			productReference = E64BEA312C0100E000A4B5C8 /* Resume Genie.app */;
			productType = "com.apple.product-type.application";
		};
/* End PBXNativeTarget section */

/* Begin PBXProject section */
		E64BEA292C0100E000A4B5C8 /* Project object */ = {
			isa = PBXProject;
			attributes = {
				BuildIndependentTargetsInParallel = 1;
				LastSwiftUpdateCheck = 1540;
				LastUpgradeCheck = 1540;
				TargetAttributes = {
					E64BEA302C0100E000A4B5C8 = {
						CreatedOnToolsVersion = 15.4;
					};
				};
			};
			buildConfigurationList = E64BEA2C2C0100E000A4B5C8 /* Build configuration list for PBXProject "Resume Genie" */;
			compatibilityVersion = "Xcode 14.0";
			developmentRegion = en;
			hasScannedForEncodings = 0;
			knownRegions = (
				en,
				Base,
			);
			mainGroup = E64BEA282C0100E000A4B5C8;
			packageReferences = (
				E64BEA442C01124D00A4B5C8 /* XCRemoteSwiftPackageReference "GoogleSignIn-iOS" */,
			);
			productRefGroup = E64BEA322C0100E000A4B5C8 /* Products */;
			projectDirPath = "";
			projectRoot = "";
			targets = (
				E64BEA302C0100E000A4B5C8 /* Resume Genie */,
			);
		};
/* End PBXProject section */

/* Begin PBXResourcesBuildPhase section */
		E64BEA2F2C0100E000A4B5C8 /* Resources */ = {
			isa = PBXResourcesBuildPhase;
			buildActionMask = 2147483647;
			files = (
				E64BEA512C018BC600A4B5C8 /* cv.tex in Resources */,
				E64BEA3C2C0100E200A4B5C8 /* Preview Assets.xcassets in Resources */,
				E62EF9FE2C02632200BFDD23 /* dockerfile in Resources */,
				E64BEA392C0100E200A4B5C8 /* Assets.xcassets in Resources */,
				E62EFA002C02635100BFDD23 /* server.js in Resources */,
			);
			runOnlyForDeploymentPostprocessing = 0;
		};
/* End PBXResourcesBuildPhase section */

/* Begin PBXSourcesBuildPhase section */
		E64BEA2D2C0100E000A4B5C8 /* Sources */ = {
			isa = PBXSourcesBuildPhase;
			buildActionMask = 2147483647;
			files = (
				E64BEA372C0100E000A4B5C8 /* ContentView.swift in Sources */,
				E64BEA432C01093C00A4B5C8 /* LoginPage.swift in Sources */,
				E64BEA4B2C015B5700A4B5C8 /* LatexToPDF.swift in Sources */,
				E64BEA352C0100E000A4B5C8 /* Resume_GenieApp.swift in Sources */,
			);
			runOnlyForDeploymentPostprocessing = 0;
		};
/* End PBXSourcesBuildPhase section */

/* Begin XCBuildConfiguration section */
		E64BEA3D2C0100E200A4B5C8 /* Debug */ = {
			isa = XCBuildConfiguration;
			buildSettings = {
				ALWAYS_SEARCH_USER_PATHS = NO;
				ASSETCATALOG_COMPILER_GENERATE_SWIFT_ASSET_SYMBOL_EXTENSIONS = YES;
				CLANG_ANALYZER_NONNULL = YES;
				CLANG_ANALYZER_NUMBER_OBJECT_CONVERSION = YES_AGGRESSIVE;
				CLANG_CXX_LANGUAGE_STANDARD = "gnu++20";
				CLANG_ENABLE_MODULES = YES;
				CLANG_ENABLE_OBJC_ARC = YES;
				CLANG_ENABLE_OBJC_WEAK = YES;
				CLANG_WARN_BLOCK_CAPTURE_AUTORELEASING = YES;
				CLANG_WARN_BOOL_CONVERSION = YES;
				CLANG_WARN_COMMA = YES;
				CLANG_WARN_CONSTANT_CONVERSION = YES;
				CLANG_WARN_DEPRECATED_OBJC_IMPLEMENTATIONS = YES;
				CLANG_WARN_DIRECT_OBJC_ISA_USAGE = YES_ERROR;
				CLANG_WARN_DOCUMENTATION_COMMENTS = YES;
				CLANG_WARN_EMPTY_BODY = YES;
				CLANG_WARN_ENUM_CONVERSION = YES;
				CLANG_WARN_INFINITE_RECURSION = YES;
				CLANG_WARN_INT_CONVERSION = YES;
				CLANG_WARN_NON_LITERAL_NULL_CONVERSION = YES;
				CLANG_WARN_OBJC_IMPLICIT_RETAIN_SELF = YES;
				CLANG_WARN_OBJC_LITERAL_CONVERSION = YES;
				CLANG_WARN_OBJC_ROOT_CLASS = YES_ERROR;
				CLANG_WARN_QUOTED_INCLUDE_IN_FRAMEWORK_HEADER = YES;
				CLANG_WARN_RANGE_LOOP_ANALYSIS = YES;
				CLANG_WARN_STRICT_PROTOTYPES = YES;
				CLANG_WARN_SUSPICIOUS_MOVE = YES;
				CLANG_WARN_UNGUARDED_AVAILABILITY = YES_AGGRESSIVE;
				CLANG_WARN_UNREACHABLE_CODE = YES;
				CLANG_WARN__DUPLICATE_METHOD_MATCH = YES;
				COPY_PHASE_STRIP = NO;
				DEBUG_INFORMATION_FORMAT = dwarf;
				ENABLE_STRICT_OBJC_MSGSEND = YES;
				ENABLE_TESTABILITY = YES;
				ENABLE_USER_SCRIPT_SANDBOXING = YES;
				GCC_C_LANGUAGE_STANDARD = gnu17;
				GCC_DYNAMIC_NO_PIC = NO;
				GCC_NO_COMMON_BLOCKS = YES;
				GCC_OPTIMIZATION_LEVEL = 0;
				GCC_PREPROCESSOR_DEFINITIONS = (
					"DEBUG=1",
					"$(inherited)",
				);
				GCC_WARN_64_TO_32_BIT_CONVERSION = YES;
				GCC_WARN_ABOUT_RETURN_TYPE = YES_ERROR;
				GCC_WARN_UNDECLARED_SELECTOR = YES;
				GCC_WARN_UNINITIALIZED_AUTOS = YES_AGGRESSIVE;
				GCC_WARN_UNUSED_FUNCTION = YES;
				GCC_WARN_UNUSED_VARIABLE = YES;
				IPHONEOS_DEPLOYMENT_TARGET = 17.5;
				LOCALIZATION_PREFERS_STRING_CATALOGS = YES;
				MTL_ENABLE_DEBUG_INFO = INCLUDE_SOURCE;
				MTL_FAST_MATH = YES;
				ONLY_ACTIVE_ARCH = YES;
				SDKROOT = iphoneos;
				SWIFT_ACTIVE_COMPILATION_CONDITIONS = "DEBUG $(inherited)";
				SWIFT_OPTIMIZATION_LEVEL = "-Onone";
			};
			name = Debug;
		};
		E64BEA3E2C0100E200A4B5C8 /* Release */ = {
			isa = XCBuildConfiguration;
			buildSettings = {
				ALWAYS_SEARCH_USER_PATHS = NO;
				ASSETCATALOG_COMPILER_GENERATE_SWIFT_ASSET_SYMBOL_EXTENSIONS = YES;
				CLANG_ANALYZER_NONNULL = YES;
				CLANG_ANALYZER_NUMBER_OBJECT_CONVERSION = YES_AGGRESSIVE;
				CLANG_CXX_LANGUAGE_STANDARD = "gnu++20";
				CLANG_ENABLE_MODULES = YES;
				CLANG_ENABLE_OBJC_ARC = YES;
				CLANG_ENABLE_OBJC_WEAK = YES;
				CLANG_WARN_BLOCK_CAPTURE_AUTORELEASING = YES;
				CLANG_WARN_BOOL_CONVERSION = YES;
				CLANG_WARN_COMMA = YES;
				CLANG_WARN_CONSTANT_CONVERSION = YES;
				CLANG_WARN_DEPRECATED_OBJC_IMPLEMENTATIONS = YES;
				CLANG_WARN_DIRECT_OBJC_ISA_USAGE = YES_ERROR;
				CLANG_WARN_DOCUMENTATION_COMMENTS = YES;
				CLANG_WARN_EMPTY_BODY = YES;
				CLANG_WARN_ENUM_CONVERSION = YES;
				CLANG_WARN_INFINITE_RECURSION = YES;
				CLANG_WARN_INT_CONVERSION = YES;
				CLANG_WARN_NON_LITERAL_NULL_CONVERSION = YES;
				CLANG_WARN_OBJC_IMPLICIT_RETAIN_SELF = YES;
				CLANG_WARN_OBJC_LITERAL_CONVERSION = YES;
				CLANG_WARN_OBJC_ROOT_CLASS = YES_ERROR;
				CLANG_WARN_QUOTED_INCLUDE_IN_FRAMEWORK_HEADER = YES;
				CLANG_WARN_RANGE_LOOP_ANALYSIS = YES;
				CLANG_WARN_STRICT_PROTOTYPES = YES;
				CLANG_WARN_SUSPICIOUS_MOVE = YES;
				CLANG_WARN_UNGUARDED_AVAILABILITY = YES_AGGRESSIVE;
				CLANG_WARN_UNREACHABLE_CODE = YES;
				CLANG_WARN__DUPLICATE_METHOD_MATCH = YES;
				COPY_PHASE_STRIP = NO;
				DEBUG_INFORMATION_FORMAT = "dwarf-with-dsym";
				ENABLE_NS_ASSERTIONS = NO;
				ENABLE_STRICT_OBJC_MSGSEND = YES;
				ENABLE_USER_SCRIPT_SANDBOXING = YES;
				GCC_C_LANGUAGE_STANDARD = gnu17;
				GCC_NO_COMMON_BLOCKS = YES;
				GCC_WARN_64_TO_32_BIT_CONVERSION = YES;
				GCC_WARN_ABOUT_RETURN_TYPE = YES_ERROR;
				GCC_WARN_UNDECLARED_SELECTOR = YES;
				GCC_WARN_UNINITIALIZED_AUTOS = YES_AGGRESSIVE;
				GCC_WARN_UNUSED_FUNCTION = YES;
				GCC_WARN_UNUSED_VARIABLE = YES;
				IPHONEOS_DEPLOYMENT_TARGET = 17.5;
				LOCALIZATION_PREFERS_STRING_CATALOGS = YES;
				MTL_ENABLE_DEBUG_INFO = NO;
				MTL_FAST_MATH = YES;
				SDKROOT = iphoneos;
				SWIFT_COMPILATION_MODE = wholemodule;
				VALIDATE_PRODUCT = YES;
			};
			name = Release;
		};
		E64BEA402C0100E200A4B5C8 /* Debug */ = {
			isa = XCBuildConfiguration;
			buildSettings = {
				ASSETCATALOG_COMPILER_APPICON_NAME = AppIcon;
				ASSETCATALOG_COMPILER_GLOBAL_ACCENT_COLOR_NAME = AccentColor;
				CODE_SIGN_ENTITLEMENTS = "Resume Genie/Resume Genie.entitlements";
				CODE_SIGN_IDENTITY = "Apple Development";
				CODE_SIGN_STYLE = Automatic;
				CURRENT_PROJECT_VERSION = 1;
				DEVELOPMENT_ASSET_PATHS = "\"Resume Genie/Preview Content\"";
				DEVELOPMENT_TEAM = QRN8T8LNAX;
				ENABLE_PREVIEWS = YES;
				GENERATE_INFOPLIST_FILE = YES;
				INFOPLIST_KEY_UIApplicationSceneManifest_Generation = YES;
				INFOPLIST_KEY_UIApplicationSupportsIndirectInputEvents = YES;
				INFOPLIST_KEY_UILaunchScreen_Generation = YES;
				INFOPLIST_KEY_UISupportedInterfaceOrientations_iPad = "UIInterfaceOrientationPortrait UIInterfaceOrientationPortraitUpsideDown UIInterfaceOrientationLandscapeLeft UIInterfaceOrientationLandscapeRight";
				INFOPLIST_KEY_UISupportedInterfaceOrientations_iPhone = "UIInterfaceOrientationPortrait UIInterfaceOrientationLandscapeLeft UIInterfaceOrientationLandscapeRight";
				LD_RUNPATH_SEARCH_PATHS = (
					"$(inherited)",
					"@executable_path/Frameworks",
				);
				MARKETING_VERSION = 1.0;
				PRODUCT_BUNDLE_IDENTIFIER = "Resume.Builder.Genie.Resume-Genie";
				PRODUCT_NAME = "$(TARGET_NAME)";
				PROVISIONING_PROFILE_SPECIFIER = "";
				SWIFT_EMIT_LOC_STRINGS = YES;
				SWIFT_VERSION = 5.0;
				TARGETED_DEVICE_FAMILY = "1,2";
			};
			name = Debug;
		};
		E64BEA412C0100E200A4B5C8 /* Release */ = {
			isa = XCBuildConfiguration;
			buildSettings = {
				ASSETCATALOG_COMPILER_APPICON_NAME = AppIcon;
				ASSETCATALOG_COMPILER_GLOBAL_ACCENT_COLOR_NAME = AccentColor;
				CODE_SIGN_ENTITLEMENTS = "Resume Genie/Resume Genie.entitlements";
				CODE_SIGN_IDENTITY = "Apple Development";
				CODE_SIGN_STYLE = Automatic;
				CURRENT_PROJECT_VERSION = 1;
				DEVELOPMENT_ASSET_PATHS = "\"Resume Genie/Preview Content\"";
				DEVELOPMENT_TEAM = QRN8T8LNAX;
				ENABLE_PREVIEWS = YES;
				GENERATE_INFOPLIST_FILE = YES;
				INFOPLIST_KEY_UIApplicationSceneManifest_Generation = YES;
				INFOPLIST_KEY_UIApplicationSupportsIndirectInputEvents = YES;
				INFOPLIST_KEY_UILaunchScreen_Generation = YES;
				INFOPLIST_KEY_UISupportedInterfaceOrientations_iPad = "UIInterfaceOrientationPortrait UIInterfaceOrientationPortraitUpsideDown UIInterfaceOrientationLandscapeLeft UIInterfaceOrientationLandscapeRight";
				INFOPLIST_KEY_UISupportedInterfaceOrientations_iPhone = "UIInterfaceOrientationPortrait UIInterfaceOrientationLandscapeLeft UIInterfaceOrientationLandscapeRight";
				LD_RUNPATH_SEARCH_PATHS = (
					"$(inherited)",
					"@executable_path/Frameworks",
				);
				MARKETING_VERSION = 1.0;
				PRODUCT_BUNDLE_IDENTIFIER = "Resume.Builder.Genie.Resume-Genie";
				PRODUCT_NAME = "$(TARGET_NAME)";
				PROVISIONING_PROFILE_SPECIFIER = "";
				SWIFT_EMIT_LOC_STRINGS = YES;
				SWIFT_VERSION = 5.0;
				TARGETED_DEVICE_FAMILY = "1,2";
			};
			name = Release;
		};
/* End XCBuildConfiguration section */

/* Begin XCConfigurationList section */
		E64BEA2C2C0100E000A4B5C8 /* Build configuration list for PBXProject "Resume Genie" */ = {
			isa = XCConfigurationList;
			buildConfigurations = (
				E64BEA3D2C0100E200A4B5C8 /* Debug */,
				E64BEA3E2C0100E200A4B5C8 /* Release */,
			);
			defaultConfigurationIsVisible = 0;
			defaultConfigurationName = Release;
		};
		E64BEA3F2C0100E200A4B5C8 /* Build configuration list for PBXNativeTarget "Resume Genie" */ = {
			isa = XCConfigurationList;
			buildConfigurations = (
				E64BEA402C0100E200A4B5C8 /* Debug */,
				E64BEA412C0100E200A4B5C8 /* Release */,
			);
			defaultConfigurationIsVisible = 0;
			defaultConfigurationName = Release;
		};
/* End XCConfigurationList section */

/* Begin XCRemoteSwiftPackageReference section */
		E64BEA442C01124D00A4B5C8 /* XCRemoteSwiftPackageReference "GoogleSignIn-iOS" */ = {
			isa = XCRemoteSwiftPackageReference;
			repositoryURL = "https://github.com/google/GoogleSignIn-iOS";
			requirement = {
				kind = upToNextMajorVersion;
				minimumVersion = 7.1.0;
			};
		};
/* End XCRemoteSwiftPackageReference section */

/* Begin XCSwiftPackageProductDependency section */
		E64BEA452C01124D00A4B5C8 /* GoogleSignIn */ = {
			isa = XCSwiftPackageProductDependency;
			package = E64BEA442C01124D00A4B5C8 /* XCRemoteSwiftPackageReference "GoogleSignIn-iOS" */;
			productName = GoogleSignIn;
		};
		E64BEA472C01124D00A4B5C8 /* GoogleSignInSwift */ = {
			isa = XCSwiftPackageProductDependency;
			package = E64BEA442C01124D00A4B5C8 /* XCRemoteSwiftPackageReference "GoogleSignIn-iOS" */;
			productName = GoogleSignInSwift;
		};
/* End XCSwiftPackageProductDependency section */
	};
	rootObject = E64BEA292C0100E000A4B5C8 /* Project object */;
}
